# This file is autogenerated, do not edit; changes may be undone by the next 'dep ensure'.


[[projects]]
  branch = "master"
  digest = "1:e84bae51919a75761844008b1d5f9a64045ab9d013e48d3d8ab4f167985fbc0c"
  name = "github.com/juju/clock"
  packages = ["."]
  pruneopts = "UT"
  revision = "9c5c9712527c7986f012361e7d13756b4d99543d"

[[projects]]
  digest = "0:"
  name = "github.com/juju/errors"
  packages = ["."]
  pruneopts = "UT"
  revision = "3fe23663418fc1d724868c84f21b7519bbac7441"

[[projects]]
  branch = "master"
  digest = "1:ebcbc7af8218775de172b33a9f231dce5ebbf32476a54355084d34761d8a93c0"
  name = "github.com/juju/loggo"
  packages = ["."]
  pruneopts = "UT"
  revision = "6e530bcce5d8e1b51b8e5ee7f08a455cd0a8c2e5"

[[projects]]
  branch = "master"
  digest = "1:d4a0284582e8108ce5f2d4b08d9fce8cf209a39b8b838de0aff22599274aad81"
  name = "github.com/juju/retry"
  packages = ["."]
  pruneopts = "UT"
  revision = "9058e192b216b21e4741c2eeb20ac798ba1ea80a"

[[projects]]
  digest = "1:ccdd0820332e468c99da3cbceccd12c460a344113558ffa7b682d13b7797584f"
  name = "github.com/juju/testing"
  packages = [
    ".",
    "checkers",
  ]
  pruneopts = "UT"
  revision = "ce30eb24acd2c45a1bc42208835468ca619685a9"

[[projects]]
  digest = "0:"
  name = "github.com/juju/utils"
  packages = ["."]
  pruneopts = "UT"
  revision = "d40c2fe1064788d512a6ed0f3c4fcaf0e42515c6"

[[projects]]
  branch = "master"
  digest = "1:4b2013b9af640d01fbd76981f72d4cbede6c0aa1e0432b9009c9c90c53da3c3a"
  name = "github.com/juju/version"
  packages = ["."]
  pruneopts = "UT"
  revision = "b64dbd566305c836274f0268fa59183a52906b36"

[[projects]]
  branch = "master"
  digest = "1:f92f6956e4059f6a3efc14924d2dd58ba90da25cc57fe07ae3779ef2f5e0c5f2"
  name = "golang.org/x/crypto"
  packages = ["pbkdf2"]
  pruneopts = "UT"
  revision = "4def268fd1a49955bfb3dda92fe3db4f924f2285"

[[projects]]
  branch = "master"
  digest = "1:76ee51c3f468493aff39dbacc401e8831fbb765104cbf613b89bef01cf4bad70"
  name = "golang.org/x/net"
  packages = ["context"]
  pruneopts = "UT"
  revision = "74dc4d7220e7acc4e100824340f3e66577424772"

[[projects]]
  digest = "1:13b80f4250e74ace3f1e4169128c56c403d402517320c5e15b7128e92d2e6a75"
  name = "gopkg.in/check.v1"
  packages = ["."]
  pruneopts = "UT"
  revision = "4f90aeace3a26ad7021961c297b22c42160c7b25"

[[projects]]
  branch = "v2"
  digest = "1:4af24de1cba937fb5ef082e8860a47fd46282e6863c01930359368ee121e3114"
  name = "gopkg.in/mgo.v2"
  packages = [
    ".",
    "bson",
    "internal/json",
    "internal/sasl",
    "internal/scram",
  ]
  pruneopts = "UT"
  revision = "a6b53ec6cb22a3699387a57a161566f9402ee85b"

[[projects]]
  digest = "1:4d2e5a73dc1500038e504a8d78b986630e3626dc027bc030ba5c75da257cdb96"
  name = "gopkg.in/yaml.v2"
  packages = ["."]
  pruneopts = "UT"
  revision = "51d6538a90f86fe93ac480b35f37b2be17fef232"
  version = "v2.2.2"

[solve-meta]
  analyzer-name = "dep"
  analyzer-version = 1
  input-imports = [
    "github.com/juju/errors",
    "github.com/juju/testing",
    "github.com/juju/testing/checkers",
    "github.com/juju/utils",
    "gopkg.in/check.v1",
  ]
  solver-name = "gps-cdcl"
  solver-version = 1
